// !$*UTF8*$!
{
	archiveVersion = 1;
	classes = {
	};
	objectVersion = 46;
	objects = {

/* Begin PBXBuildFile section */
		0402161319B64D5900B79A17 /* direction@2x.png in Resources */ = {isa = PBXBuildFile; fileRef = 0402160F19B64D5900B79A17 /* direction@2x.png */; };
		0402161419B64D5900B79A17 /* jump@2x.png in Resources */ = {isa = PBXBuildFile; fileRef = 0402161019B64D5900B79A17 /* jump@2x.png */; };
		0402161519B64D5900B79A17 /* machete@2x.png in Resources */ = {isa = PBXBuildFile; fileRef = 0402161119B64D5900B79A17 /* machete@2x.png */; };
		0402161619B64D5900B79A17 /* shield@2x.png in Resources */ = {isa = PBXBuildFile; fileRef = 0402161219B64D5900B79A17 /* shield@2x.png */; };
		0402161819B64D7800B79A17 /* KWSCommon.swift in Sources */ = {isa = PBXBuildFile; fileRef = 0402161719B64D7800B79A17 /* KWSCommon.swift */; };
		042A794619B338C700D5B75A /* castle@2x.png in Resources */ = {isa = PBXBuildFile; fileRef = 042A794519B338C700D5B75A /* castle@2x.png */; };
		0431207E19AE495600036D9F /* AppDelegate.swift in Sources */ = {isa = PBXBuildFile; fileRef = 0431207D19AE495600036D9F /* AppDelegate.swift */; };
		0431208019AE495600036D9F /* KWSMainMenuScene.sks in Resources */ = {isa = PBXBuildFile; fileRef = 0431207F19AE495600036D9F /* KWSMainMenuScene.sks */; };
		0431208219AE495600036D9F /* KWSMainMenuScene.swift in Sources */ = {isa = PBXBuildFile; fileRef = 0431208119AE495600036D9F /* KWSMainMenuScene.swift */; };
		0431208419AE495600036D9F /* KWSMainMenuViewController.swift in Sources */ = {isa = PBXBuildFile; fileRef = 0431208319AE495600036D9F /* KWSMainMenuViewController.swift */; };
		0431208719AE495600036D9F /* Main.storyboard in Resources */ = {isa = PBXBuildFile; fileRef = 0431208519AE495600036D9F /* Main.storyboard */; };
		0431208919AE495600036D9F /* Images.xcassets in Resources */ = {isa = PBXBuildFile; fileRef = 0431208819AE495600036D9F /* Images.xcassets */; };
		0431209519AE495600036D9F /* KnightWhoSaidSwiftTests.swift in Sources */ = {isa = PBXBuildFile; fileRef = 0431209419AE495600036D9F /* KnightWhoSaidSwiftTests.swift */; };
		0432501619BE01CD00188DF0 /* AudioToolbox.framework in Frameworks */ = {isa = PBXBuildFile; fileRef = 0432501519BE01CD00188DF0 /* AudioToolbox.framework */; };
		0432501819BE0C2600188DF0 /* KWSBluetoothLEInterface.swift in Sources */ = {isa = PBXBuildFile; fileRef = 0432501719BE0C2600188DF0 /* KWSBluetoothLEInterface.swift */; };
		0464B70319B4BB6000A6E073 /* KWSCreditsViewController.swift in Sources */ = {isa = PBXBuildFile; fileRef = 0464B70219B4BB6000A6E073 /* KWSCreditsViewController.swift */; };
		049137E419B23CC500076903 /* CGFloat+KWSExtensions.swift in Sources */ = {isa = PBXBuildFile; fileRef = 049137E319B23CC500076903 /* CGFloat+KWSExtensions.swift */; };
		049137E619B240B800076903 /* CGPoint+KWSExtensions.swift in Sources */ = {isa = PBXBuildFile; fileRef = 049137E519B240B800076903 /* CGPoint+KWSExtensions.swift */; };
		049137E919B2489600076903 /* KWSVelocitySpriteNode.swift in Sources */ = {isa = PBXBuildFile; fileRef = 049137E819B2489600076903 /* KWSVelocitySpriteNode.swift */; };
		04A855D719B4F5E800AE2E6E /* KWSSettingsViewController.swift in Sources */ = {isa = PBXBuildFile; fileRef = 04A855D619B4F5E800AE2E6E /* KWSSettingsViewController.swift */; };
		04A855D919B507E300AE2E6E /* KWSBluetoothLEServer.swift in Sources */ = {isa = PBXBuildFile; fileRef = 04A855D819B507E300AE2E6E /* KWSBluetoothLEServer.swift */; };
		04A855DB19B507F700AE2E6E /* KWSBluetoothLEClient.swift in Sources */ = {isa = PBXBuildFile; fileRef = 04A855DA19B507F700AE2E6E /* KWSBluetoothLEClient.swift */; };
		04A855DD19B5095700AE2E6E /* CoreBluetooth.framework in Frameworks */ = {isa = PBXBuildFile; fileRef = 04A855DC19B5095700AE2E6E /* CoreBluetooth.framework */; };
		04E80BF819B1ED6D006C4917 /* FFFATLAN.TTF in Resources */ = {isa = PBXBuildFile; fileRef = 04E80BE819B1ED6D006C4917 /* FFFATLAN.TTF */; };
		04E80BF919B1ED6D006C4917 /* bg@2x.png in Resources */ = {isa = PBXBuildFile; fileRef = 04E80BEA19B1ED6D006C4917 /* bg@2x.png */; };
		04E80BFA19B1ED6D006C4917 /* cloud@2x.png in Resources */ = {isa = PBXBuildFile; fileRef = 04E80BEB19B1ED6D006C4917 /* cloud@2x.png */; };
		04E80BFB19B1ED6D006C4917 /* Enviro.atlas in Resources */ = {isa = PBXBuildFile; fileRef = 04E80BEC19B1ED6D006C4917 /* Enviro.atlas */; };
		04E80BFC19B1ED6D006C4917 /* attack.atlas in Resources */ = {isa = PBXBuildFile; fileRef = 04E80BEE19B1ED6D006C4917 /* attack.atlas */; };
		04E80BFD19B1ED6D006C4917 /* defense.atlas in Resources */ = {isa = PBXBuildFile; fileRef = 04E80BEF19B1ED6D006C4917 /* defense.atlas */; };
		04E80BFE19B1ED6D006C4917 /* die.atlas in Resources */ = {isa = PBXBuildFile; fileRef = 04E80BF019B1ED6D006C4917 /* die.atlas */; };
		04E80BFF19B1ED6D006C4917 /* jump.atlas in Resources */ = {isa = PBXBuildFile; fileRef = 04E80BF119B1ED6D006C4917 /* jump.atlas */; };
		04E80C0019B1ED6D006C4917 /* walk.atlas in Resources */ = {isa = PBXBuildFile; fileRef = 04E80BF219B1ED6D006C4917 /* walk.atlas */; };
		04E80C0119B1ED6D006C4917 /* logo@2x.png in Resources */ = {isa = PBXBuildFile; fileRef = 04E80BF319B1ED6D006C4917 /* logo@2x.png */; };
		04E80C0219B1ED6D006C4917 /* sword@2x.png in Resources */ = {isa = PBXBuildFile; fileRef = 04E80BF419B1ED6D006C4917 /* sword@2x.png */; };
		04E80C0319B1ED6D006C4917 /* Level.mp3 in Resources */ = {isa = PBXBuildFile; fileRef = 04E80BF619B1ED6D006C4917 /* Level.mp3 */; };
		04E80C0419B1ED6D006C4917 /* Menu.mp3 in Resources */ = {isa = PBXBuildFile; fileRef = 04E80BF719B1ED6D006C4917 /* Menu.mp3 */; };
/* End PBXBuildFile section */

/* Begin PBXContainerItemProxy section */
		0431208F19AE495600036D9F /* PBXContainerItemProxy */ = {
			isa = PBXContainerItemProxy;
			containerPortal = 0431207019AE495600036D9F /* Project object */;
			proxyType = 1;
			remoteGlobalIDString = 0431207719AE495600036D9F;
			remoteInfo = KnightWhoSaidSwift;
		};
/* End PBXContainerItemProxy section */

/* Begin PBXFileReference section */
		0402160F19B64D5900B79A17 /* direction@2x.png */ = {isa = PBXFileReference; lastKnownFileType = image.png; path = "direction@2x.png"; sourceTree = "<group>"; };
		0402161019B64D5900B79A17 /* jump@2x.png */ = {isa = PBXFileReference; lastKnownFileType = image.png; path = "jump@2x.png"; sourceTree = "<group>"; };
		0402161119B64D5900B79A17 /* machete@2x.png */ = {isa = PBXFileReference; lastKnownFileType = image.png; path = "machete@2x.png"; sourceTree = "<group>"; };
		0402161219B64D5900B79A17 /* shield@2x.png */ = {isa = PBXFileReference; lastKnownFileType = image.png; path = "shield@2x.png"; sourceTree = "<group>"; };
		0402161719B64D7800B79A17 /* KWSCommon.swift */ = {isa = PBXFileReference; fileEncoding = 4; lastKnownFileType = sourcecode.swift; path = KWSCommon.swift; sourceTree = "<group>"; };
		042A794519B338C700D5B75A /* castle@2x.png */ = {isa = PBXFileReference; lastKnownFileType = image.png; path = "castle@2x.png"; sourceTree = "<group>"; };
		0431207819AE495600036D9F /* KnightWhoSaidSwift.app */ = {isa = PBXFileReference; explicitFileType = wrapper.application; includeInIndex = 0; path = KnightWhoSaidSwift.app; sourceTree = BUILT_PRODUCTS_DIR; };
		0431207C19AE495600036D9F /* Info.plist */ = {isa = PBXFileReference; lastKnownFileType = text.plist.xml; path = Info.plist; sourceTree = "<group>"; };
		0431207D19AE495600036D9F /* AppDelegate.swift */ = {isa = PBXFileReference; lastKnownFileType = sourcecode.swift; path = AppDelegate.swift; sourceTree = "<group>"; };
		0431207F19AE495600036D9F /* KWSMainMenuScene.sks */ = {isa = PBXFileReference; lastKnownFileType = file.sks; path = KWSMainMenuScene.sks; sourceTree = "<group>"; };
		0431208119AE495600036D9F /* KWSMainMenuScene.swift */ = {isa = PBXFileReference; lastKnownFileType = sourcecode.swift; path = KWSMainMenuScene.swift; sourceTree = "<group>"; };
		0431208319AE495600036D9F /* KWSMainMenuViewController.swift */ = {isa = PBXFileReference; lastKnownFileType = sourcecode.swift; path = KWSMainMenuViewController.swift; sourceTree = "<group>"; };
		0431208619AE495600036D9F /* Base */ = {isa = PBXFileReference; lastKnownFileType = file.storyboard; name = Base; path = Base.lproj/Main.storyboard; sourceTree = "<group>"; };
		0431208819AE495600036D9F /* Images.xcassets */ = {isa = PBXFileReference; lastKnownFileType = folder.assetcatalog; path = Images.xcassets; sourceTree = "<group>"; };
		0431208E19AE495600036D9F /* KnightWhoSaidSwiftTests.xctest */ = {isa = PBXFileReference; explicitFileType = wrapper.cfbundle; includeInIndex = 0; path = KnightWhoSaidSwiftTests.xctest; sourceTree = BUILT_PRODUCTS_DIR; };
		0431209319AE495600036D9F /* Info.plist */ = {isa = PBXFileReference; lastKnownFileType = text.plist.xml; path = Info.plist; sourceTree = "<group>"; };
		0431209419AE495600036D9F /* KnightWhoSaidSwiftTests.swift */ = {isa = PBXFileReference; lastKnownFileType = sourcecode.swift; path = KnightWhoSaidSwiftTests.swift; sourceTree = "<group>"; };
		0432501519BE01CD00188DF0 /* AudioToolbox.framework */ = {isa = PBXFileReference; lastKnownFileType = wrapper.framework; name = AudioToolbox.framework; path = System/Library/Frameworks/AudioToolbox.framework; sourceTree = SDKROOT; };
		0432501719BE0C2600188DF0 /* KWSBluetoothLEInterface.swift */ = {isa = PBXFileReference; fileEncoding = 4; lastKnownFileType = sourcecode.swift; path = KWSBluetoothLEInterface.swift; sourceTree = "<group>"; };
		0464B70219B4BB6000A6E073 /* KWSCreditsViewController.swift */ = {isa = PBXFileReference; fileEncoding = 4; lastKnownFileType = sourcecode.swift; path = KWSCreditsViewController.swift; sourceTree = "<group>"; };
		049137E319B23CC500076903 /* CGFloat+KWSExtensions.swift */ = {isa = PBXFileReference; fileEncoding = 4; lastKnownFileType = sourcecode.swift; path = "CGFloat+KWSExtensions.swift"; sourceTree = "<group>"; };
		049137E519B240B800076903 /* CGPoint+KWSExtensions.swift */ = {isa = PBXFileReference; fileEncoding = 4; lastKnownFileType = sourcecode.swift; path = "CGPoint+KWSExtensions.swift"; sourceTree = "<group>"; };
		049137E819B2489600076903 /* KWSVelocitySpriteNode.swift */ = {isa = PBXFileReference; fileEncoding = 4; lastKnownFileType = sourcecode.swift; path = KWSVelocitySpriteNode.swift; sourceTree = "<group>"; };
		04A855D619B4F5E800AE2E6E /* KWSSettingsViewController.swift */ = {isa = PBXFileReference; fileEncoding = 4; lastKnownFileType = sourcecode.swift; path = KWSSettingsViewController.swift; sourceTree = "<group>"; };
		04A855D819B507E300AE2E6E /* KWSBluetoothLEServer.swift */ = {isa = PBXFileReference; fileEncoding = 4; lastKnownFileType = sourcecode.swift; path = KWSBluetoothLEServer.swift; sourceTree = "<group>"; };
		04A855DA19B507F700AE2E6E /* KWSBluetoothLEClient.swift */ = {isa = PBXFileReference; fileEncoding = 4; lastKnownFileType = sourcecode.swift; path = KWSBluetoothLEClient.swift; sourceTree = "<group>"; };
		04A855DC19B5095700AE2E6E /* CoreBluetooth.framework */ = {isa = PBXFileReference; lastKnownFileType = wrapper.framework; name = CoreBluetooth.framework; path = System/Library/Frameworks/CoreBluetooth.framework; sourceTree = SDKROOT; };
		04E80BE819B1ED6D006C4917 /* FFFATLAN.TTF */ = {isa = PBXFileReference; lastKnownFileType = file; path = FFFATLAN.TTF; sourceTree = "<group>"; };
		04E80BEA19B1ED6D006C4917 /* bg@2x.png */ = {isa = PBXFileReference; lastKnownFileType = image.png; path = "bg@2x.png"; sourceTree = "<group>"; };
		04E80BEB19B1ED6D006C4917 /* cloud@2x.png */ = {isa = PBXFileReference; lastKnownFileType = image.png; path = "cloud@2x.png"; sourceTree = "<group>"; };
		04E80BEC19B1ED6D006C4917 /* Enviro.atlas */ = {isa = PBXFileReference; lastKnownFileType = folder.skatlas; path = Enviro.atlas; sourceTree = "<group>"; };
		04E80BEE19B1ED6D006C4917 /* attack.atlas */ = {isa = PBXFileReference; lastKnownFileType = folder.skatlas; path = attack.atlas; sourceTree = "<group>"; };
		04E80BEF19B1ED6D006C4917 /* defense.atlas */ = {isa = PBXFileReference; lastKnownFileType = folder.skatlas; path = defense.atlas; sourceTree = "<group>"; };
		04E80BF019B1ED6D006C4917 /* die.atlas */ = {isa = PBXFileReference; lastKnownFileType = folder.skatlas; path = die.atlas; sourceTree = "<group>"; };
		04E80BF119B1ED6D006C4917 /* jump.atlas */ = {isa = PBXFileReference; lastKnownFileType = folder.skatlas; path = jump.atlas; sourceTree = "<group>"; };
		04E80BF219B1ED6D006C4917 /* walk.atlas */ = {isa = PBXFileReference; lastKnownFileType = folder.skatlas; path = walk.atlas; sourceTree = "<group>"; };
		04E80BF319B1ED6D006C4917 /* logo@2x.png */ = {isa = PBXFileReference; lastKnownFileType = image.png; path = "logo@2x.png"; sourceTree = "<group>"; };
		04E80BF419B1ED6D006C4917 /* sword@2x.png */ = {isa = PBXFileReference; lastKnownFileType = image.png; path = "sword@2x.png"; sourceTree = "<group>"; };
		04E80BF619B1ED6D006C4917 /* Level.mp3 */ = {isa = PBXFileReference; lastKnownFileType = audio.mp3; path = Level.mp3; sourceTree = "<group>"; };
		04E80BF719B1ED6D006C4917 /* Menu.mp3 */ = {isa = PBXFileReference; lastKnownFileType = audio.mp3; path = Menu.mp3; sourceTree = "<group>"; };
/* End PBXFileReference section */

/* Begin PBXFrameworksBuildPhase section */
		0431207519AE495600036D9F /* Frameworks */ = {
			isa = PBXFrameworksBuildPhase;
			buildActionMask = 2147483647;
			files = (
				0432501619BE01CD00188DF0 /* AudioToolbox.framework in Frameworks */,
				04A855DD19B5095700AE2E6E /* CoreBluetooth.framework in Frameworks */,
			);
			runOnlyForDeploymentPostprocessing = 0;
		};
		0431208B19AE495600036D9F /* Frameworks */ = {
			isa = PBXFrameworksBuildPhase;
			buildActionMask = 2147483647;
			files = (
			);
			runOnlyForDeploymentPostprocessing = 0;
		};
/* End PBXFrameworksBuildPhase section */

/* Begin PBXGroup section */
		0431206F19AE495600036D9F = {
			isa = PBXGroup;
			children = (
				0432501519BE01CD00188DF0 /* AudioToolbox.framework */,
				04A855DC19B5095700AE2E6E /* CoreBluetooth.framework */,
				0431207A19AE495600036D9F /* KnightWhoSaidSwift */,
				0431209119AE495600036D9F /* KnightWhoSaidSwiftTests */,
				0431207919AE495600036D9F /* Products */,
			);
			sourceTree = "<group>";
		};
		0431207919AE495600036D9F /* Products */ = {
			isa = PBXGroup;
			children = (
				0431207819AE495600036D9F /* KnightWhoSaidSwift.app */,
				0431208E19AE495600036D9F /* KnightWhoSaidSwiftTests.xctest */,
			);
			name = Products;
			sourceTree = "<group>";
		};
		0431207A19AE495600036D9F /* KnightWhoSaidSwift */ = {
			isa = PBXGroup;
			children = (
				049137E719B2488000076903 /* Gameplay */,
				049137E219B23C9900076903 /* Helpers */,
				04E80C0619B232D9006C4917 /* Views */,
				04E80C0519B232CC006C4917 /* ViewControllers */,
				04E80BE619B1ED6D006C4917 /* Data */,
				0431207D19AE495600036D9F /* AppDelegate.swift */,
				0431208819AE495600036D9F /* Images.xcassets */,
				0431207B19AE495600036D9F /* Supporting Files */,
			);
			path = KnightWhoSaidSwift;
			sourceTree = "<group>";
		};
		0431207B19AE495600036D9F /* Supporting Files */ = {
			isa = PBXGroup;
			children = (
				0431207C19AE495600036D9F /* Info.plist */,
			);
			name = "Supporting Files";
			sourceTree = "<group>";
		};
		0431209119AE495600036D9F /* KnightWhoSaidSwiftTests */ = {
			isa = PBXGroup;
			children = (
				0431209419AE495600036D9F /* KnightWhoSaidSwiftTests.swift */,
				0431209219AE495600036D9F /* Supporting Files */,
			);
			path = KnightWhoSaidSwiftTests;
			sourceTree = "<group>";
		};
		0431209219AE495600036D9F /* Supporting Files */ = {
			isa = PBXGroup;
			children = (
				0431209319AE495600036D9F /* Info.plist */,
			);
			name = "Supporting Files";
			sourceTree = "<group>";
		};
		049137E219B23C9900076903 /* Helpers */ = {
			isa = PBXGroup;
			children = (
				049137E319B23CC500076903 /* CGFloat+KWSExtensions.swift */,
				049137E519B240B800076903 /* CGPoint+KWSExtensions.swift */,
			);
			name = Helpers;
			sourceTree = "<group>";
		};
		049137E719B2488000076903 /* Gameplay */ = {
			isa = PBXGroup;
			children = (
				049137E819B2489600076903 /* KWSVelocitySpriteNode.swift */,
				04A855D819B507E300AE2E6E /* KWSBluetoothLEServer.swift */,
				04A855DA19B507F700AE2E6E /* KWSBluetoothLEClient.swift */,
				0402161719B64D7800B79A17 /* KWSCommon.swift */,
				0432501719BE0C2600188DF0 /* KWSBluetoothLEInterface.swift */,
			);
			name = Gameplay;
			sourceTree = "<group>";
		};
		04E80BE619B1ED6D006C4917 /* Data */ = {
			isa = PBXGroup;
			children = (
				04E80C0719B232E7006C4917 /* Storyboards */,
				04E80BE719B1ED6D006C4917 /* Font */,
				04E80BE919B1ED6D006C4917 /* GFX */,
				04E80BF519B1ED6D006C4917 /* SFX */,
			);
			path = Data;
			sourceTree = SOURCE_ROOT;
		};
		04E80BE719B1ED6D006C4917 /* Font */ = {
			isa = PBXGroup;
			children = (
				04E80BE819B1ED6D006C4917 /* FFFATLAN.TTF */,
			);
			path = Font;
			sourceTree = "<group>";
		};
		04E80BE919B1ED6D006C4917 /* GFX */ = {
			isa = PBXGroup;
			children = (
				0402160F19B64D5900B79A17 /* direction@2x.png */,
				0402161019B64D5900B79A17 /* jump@2x.png */,
				0402161119B64D5900B79A17 /* machete@2x.png */,
				0402161219B64D5900B79A17 /* shield@2x.png */,
				042A794519B338C700D5B75A /* castle@2x.png */,
				04E80BF319B1ED6D006C4917 /* logo@2x.png */,
				04E80BF419B1ED6D006C4917 /* sword@2x.png */,
				04E80BEA19B1ED6D006C4917 /* bg@2x.png */,
				04E80BEB19B1ED6D006C4917 /* cloud@2x.png */,
				04E80BEC19B1ED6D006C4917 /* Enviro.atlas */,
				04E80BED19B1ED6D006C4917 /* Hero */,
			);
			path = GFX;
			sourceTree = "<group>";
		};
		04E80BED19B1ED6D006C4917 /* Hero */ = {
			isa = PBXGroup;
			children = (
				04E80BEE19B1ED6D006C4917 /* attack.atlas */,
				04E80BEF19B1ED6D006C4917 /* defense.atlas */,
				04E80BF019B1ED6D006C4917 /* die.atlas */,
				04E80BF119B1ED6D006C4917 /* jump.atlas */,
				04E80BF219B1ED6D006C4917 /* walk.atlas */,
			);
			path = Hero;
			sourceTree = "<group>";
		};
		04E80BF519B1ED6D006C4917 /* SFX */ = {
			isa = PBXGroup;
			children = (
				04E80BF619B1ED6D006C4917 /* Level.mp3 */,
				04E80BF719B1ED6D006C4917 /* Menu.mp3 */,
			);
			path = SFX;
			sourceTree = "<group>";
		};
		04E80C0519B232CC006C4917 /* ViewControllers */ = {
			isa = PBXGroup;
			children = (
				0431208319AE495600036D9F /* KWSMainMenuViewController.swift */,
				0464B70219B4BB6000A6E073 /* KWSCreditsViewController.swift */,
				04A855D619B4F5E800AE2E6E /* KWSSettingsViewController.swift */,
			);
			name = ViewControllers;
			sourceTree = "<group>";
		};
		04E80C0619B232D9006C4917 /* Views */ = {
			isa = PBXGroup;
			children = (
				0431207F19AE495600036D9F /* KWSMainMenuScene.sks */,
				0431208119AE495600036D9F /* KWSMainMenuScene.swift */,
			);
			name = Views;
			sourceTree = "<group>";
		};
		04E80C0719B232E7006C4917 /* Storyboards */ = {
			isa = PBXGroup;
			children = (
				0431208519AE495600036D9F /* Main.storyboard */,
			);
			name = Storyboards;
			sourceTree = "<group>";
		};
/* End PBXGroup section */

/* Begin PBXNativeTarget section */
		0431207719AE495600036D9F /* KnightWhoSaidSwift */ = {
			isa = PBXNativeTarget;
			buildConfigurationList = 0431209819AE495600036D9F /* Build configuration list for PBXNativeTarget "KnightWhoSaidSwift" */;
			buildPhases = (
				0431207419AE495600036D9F /* Sources */,
				0431207519AE495600036D9F /* Frameworks */,
				0431207619AE495600036D9F /* Resources */,
			);
			buildRules = (
			);
			dependencies = (
			);
			name = KnightWhoSaidSwift;
			productName = KnightWhoSaidSwift;
			productReference = 0431207819AE495600036D9F /* KnightWhoSaidSwift.app */;
			productType = "com.apple.product-type.application";
		};
		0431208D19AE495600036D9F /* KnightWhoSaidSwiftTests */ = {
			isa = PBXNativeTarget;
			buildConfigurationList = 0431209B19AE495600036D9F /* Build configuration list for PBXNativeTarget "KnightWhoSaidSwiftTests" */;
			buildPhases = (
				0431208A19AE495600036D9F /* Sources */,
				0431208B19AE495600036D9F /* Frameworks */,
				0431208C19AE495600036D9F /* Resources */,
			);
			buildRules = (
			);
			dependencies = (
				0431209019AE495600036D9F /* PBXTargetDependency */,
			);
			name = KnightWhoSaidSwiftTests;
			productName = KnightWhoSaidSwiftTests;
			productReference = 0431208E19AE495600036D9F /* KnightWhoSaidSwiftTests.xctest */;
			productType = "com.apple.product-type.bundle.unit-test";
		};
/* End PBXNativeTarget section */

/* Begin PBXProject section */
		0431207019AE495600036D9F /* Project object */ = {
			isa = PBXProject;
			attributes = {
				LastUpgradeCheck = 0600;
				ORGANIZATIONNAME = "Marcin Pedzimaz";
				TargetAttributes = {
					0431207719AE495600036D9F = {
						CreatedOnToolsVersion = 6.0;
					};
					0431208D19AE495600036D9F = {
						CreatedOnToolsVersion = 6.0;
						TestTargetID = 0431207719AE495600036D9F;
					};
				};
			};
			buildConfigurationList = 0431207319AE495600036D9F /* Build configuration list for PBXProject "KnightWhoSaidSwift" */;
			compatibilityVersion = "Xcode 3.2";
			developmentRegion = English;
			hasScannedForEncodings = 0;
			knownRegions = (
				en,
				Base,
			);
			mainGroup = 0431206F19AE495600036D9F;
			productRefGroup = 0431207919AE495600036D9F /* Products */;
			projectDirPath = "";
			projectRoot = "";
			targets = (
				0431207719AE495600036D9F /* KnightWhoSaidSwift */,
				0431208D19AE495600036D9F /* KnightWhoSaidSwiftTests */,
			);
		};
/* End PBXProject section */

/* Begin PBXResourcesBuildPhase section */
		0431207619AE495600036D9F /* Resources */ = {
			isa = PBXResourcesBuildPhase;
			buildActionMask = 2147483647;
			files = (
				0431208919AE495600036D9F /* Images.xcassets in Resources */,
				04E80C0119B1ED6D006C4917 /* logo@2x.png in Resources */,
				0402161519B64D5900B79A17 /* machete@2x.png in Resources */,
				0431208019AE495600036D9F /* KWSMainMenuScene.sks in Resources */,
				04E80C0319B1ED6D006C4917 /* Level.mp3 in Resources */,
				0402161319B64D5900B79A17 /* direction@2x.png in Resources */,
				04E80BFB19B1ED6D006C4917 /* Enviro.atlas in Resources */,
				04E80BFA19B1ED6D006C4917 /* cloud@2x.png in Resources */,
				042A794619B338C700D5B75A /* castle@2x.png in Resources */,
				04E80BFD19B1ED6D006C4917 /* defense.atlas in Resources */,
				04E80C0219B1ED6D006C4917 /* sword@2x.png in Resources */,
				0402161619B64D5900B79A17 /* shield@2x.png in Resources */,
				04E80BF819B1ED6D006C4917 /* FFFATLAN.TTF in Resources */,
				04E80BFF19B1ED6D006C4917 /* jump.atlas in Resources */,
				0431208719AE495600036D9F /* Main.storyboard in Resources */,
				04E80C0419B1ED6D006C4917 /* Menu.mp3 in Resources */,
				0402161419B64D5900B79A17 /* jump@2x.png in Resources */,
				04E80C0019B1ED6D006C4917 /* walk.atlas in Resources */,
				04E80BF919B1ED6D006C4917 /* bg@2x.png in Resources */,
				04E80BFE19B1ED6D006C4917 /* die.atlas in Resources */,
				04E80BFC19B1ED6D006C4917 /* attack.atlas in Resources */,
			);
			runOnlyForDeploymentPostprocessing = 0;
		};
		0431208C19AE495600036D9F /* Resources */ = {
			isa = PBXResourcesBuildPhase;
			buildActionMask = 2147483647;
			files = (
			);
			runOnlyForDeploymentPostprocessing = 0;
		};
/* End PBXResourcesBuildPhase section */

/* Begin PBXSourcesBuildPhase section */
		0431207419AE495600036D9F /* Sources */ = {
			isa = PBXSourcesBuildPhase;
			buildActionMask = 2147483647;
			files = (
				0464B70319B4BB6000A6E073 /* KWSCreditsViewController.swift in Sources */,
				0431208219AE495600036D9F /* KWSMainMenuScene.swift in Sources */,
				049137E919B2489600076903 /* KWSVelocitySpriteNode.swift in Sources */,
				04A855D919B507E300AE2E6E /* KWSBluetoothLEServer.swift in Sources */,
				04A855DB19B507F700AE2E6E /* KWSBluetoothLEClient.swift in Sources */,
				0432501819BE0C2600188DF0 /* KWSBluetoothLEInterface.swift in Sources */,
				049137E619B240B800076903 /* CGPoint+KWSExtensions.swift in Sources */,
				0431208419AE495600036D9F /* KWSMainMenuViewController.swift in Sources */,
				0402161819B64D7800B79A17 /* KWSCommon.swift in Sources */,
				049137E419B23CC500076903 /* CGFloat+KWSExtensions.swift in Sources */,
				0431207E19AE495600036D9F /* AppDelegate.swift in Sources */,
				04A855D719B4F5E800AE2E6E /* KWSSettingsViewController.swift in Sources */,
			);
			runOnlyForDeploymentPostprocessing = 0;
		};
		0431208A19AE495600036D9F /* Sources */ = {
			isa = PBXSourcesBuildPhase;
			buildActionMask = 2147483647;
			files = (
				0431209519AE495600036D9F /* KnightWhoSaidSwiftTests.swift in Sources */,
			);
			runOnlyForDeploymentPostprocessing = 0;
		};
/* End PBXSourcesBuildPhase section */

/* Begin PBXTargetDependency section */
		0431209019AE495600036D9F /* PBXTargetDependency */ = {
			isa = PBXTargetDependency;
			target = 0431207719AE495600036D9F /* KnightWhoSaidSwift */;
			targetProxy = 0431208F19AE495600036D9F /* PBXContainerItemProxy */;
		};
/* End PBXTargetDependency section */

/* Begin PBXVariantGroup section */
		0431208519AE495600036D9F /* Main.storyboard */ = {
			isa = PBXVariantGroup;
			children = (
				0431208619AE495600036D9F /* Base */,
			);
			name = Main.storyboard;
			path = ../KnightWhoSaidSwift;
			sourceTree = "<group>";
		};
/* End PBXVariantGroup section */

/* Begin XCBuildConfiguration section */
		0431209619AE495600036D9F /* Debug */ = {
			isa = XCBuildConfiguration;
			buildSettings = {
				ALWAYS_SEARCH_USER_PATHS = NO;
				CLANG_CXX_LANGUAGE_STANDARD = "gnu++0x";
				CLANG_CXX_LIBRARY = "libc++";
				CLANG_ENABLE_MODULES = YES;
				CLANG_ENABLE_OBJC_ARC = YES;
				CLANG_WARN_BOOL_CONVERSION = YES;
				CLANG_WARN_CONSTANT_CONVERSION = YES;
				CLANG_WARN_DIRECT_OBJC_ISA_USAGE = YES_ERROR;
				CLANG_WARN_EMPTY_BODY = YES;
				CLANG_WARN_ENUM_CONVERSION = YES;
				CLANG_WARN_INT_CONVERSION = YES;
				CLANG_WARN_OBJC_ROOT_CLASS = YES_ERROR;
				CLANG_WARN_UNREACHABLE_CODE = YES;
				CLANG_WARN__DUPLICATE_METHOD_MATCH = YES;
				"CODE_SIGN_IDENTITY[sdk=iphoneos*]" = "iPhone Developer";
				COPY_PHASE_STRIP = NO;
				ENABLE_STRICT_OBJC_MSGSEND = YES;
				GCC_C_LANGUAGE_STANDARD = gnu99;
				GCC_DYNAMIC_NO_PIC = NO;
				GCC_OPTIMIZATION_LEVEL = 0;
				GCC_PREPROCESSOR_DEFINITIONS = (
					"DEBUG=1",
					"$(inherited)",
				);
				GCC_SYMBOLS_PRIVATE_EXTERN = NO;
				GCC_WARN_64_TO_32_BIT_CONVERSION = YES;
				GCC_WARN_ABOUT_RETURN_TYPE = YES_ERROR;
				GCC_WARN_UNDECLARED_SELECTOR = YES;
				GCC_WARN_UNINITIALIZED_AUTOS = YES_AGGRESSIVE;
				GCC_WARN_UNUSED_FUNCTION = YES;
				GCC_WARN_UNUSED_VARIABLE = YES;
				IPHONEOS_DEPLOYMENT_TARGET = 8.0;
				MTL_ENABLE_DEBUG_INFO = YES;
				ONLY_ACTIVE_ARCH = YES;
				SDKROOT = iphoneos;
				SWIFT_OPTIMIZATION_LEVEL = "-Onone";
			};
			name = Debug;
		};
		0431209719AE495600036D9F /* Release */ = {
			isa = XCBuildConfiguration;
			buildSettings = {
				ALWAYS_SEARCH_USER_PATHS = NO;
				CLANG_CXX_LANGUAGE_STANDARD = "gnu++0x";
				CLANG_CXX_LIBRARY = "libc++";
				CLANG_ENABLE_MODULES = YES;
				CLANG_ENABLE_OBJC_ARC = YES;
				CLANG_WARN_BOOL_CONVERSION = YES;
				CLANG_WARN_CONSTANT_CONVERSION = YES;
				CLANG_WARN_DIRECT_OBJC_ISA_USAGE = YES_ERROR;
				CLANG_WARN_EMPTY_BODY = YES;
				CLANG_WARN_ENUM_CONVERSION = YES;
				CLANG_WARN_INT_CONVERSION = YES;
				CLANG_WARN_OBJC_ROOT_CLASS = YES_ERROR;
				CLANG_WARN_UNREACHABLE_CODE = YES;
				CLANG_WARN__DUPLICATE_METHOD_MATCH = YES;
				"CODE_SIGN_IDENTITY[sdk=iphoneos*]" = "iPhone Developer";
				COPY_PHASE_STRIP = YES;
				ENABLE_NS_ASSERTIONS = NO;
				ENABLE_STRICT_OBJC_MSGSEND = YES;
				GCC_C_LANGUAGE_STANDARD = gnu99;
				GCC_WARN_64_TO_32_BIT_CONVERSION = YES;
				GCC_WARN_ABOUT_RETURN_TYPE = YES_ERROR;
				GCC_WARN_UNDECLARED_SELECTOR = YES;
				GCC_WARN_UNINITIALIZED_AUTOS = YES_AGGRESSIVE;
				GCC_WARN_UNUSED_FUNCTION = YES;
				GCC_WARN_UNUSED_VARIABLE = YES;
				IPHONEOS_DEPLOYMENT_TARGET = 8.0;
				MTL_ENABLE_DEBUG_INFO = NO;
				SDKROOT = iphoneos;
				VALIDATE_PRODUCT = YES;
			};
			name = Release;
		};
		0431209919AE495600036D9F /* Debug */ = {
			isa = XCBuildConfiguration;
			buildSettings = {
				ASSETCATALOG_COMPILER_APPICON_NAME = AppIcon;
				ASSETCATALOG_COMPILER_LAUNCHIMAGE_NAME = LaunchImage;
				INFOPLIST_FILE = KnightWhoSaidSwift/Info.plist;
				IPHONEOS_DEPLOYMENT_TARGET = 8.0;
				LD_RUNPATH_SEARCH_PATHS = "$(inherited) @executable_path/Frameworks";
				PRODUCT_NAME = "$(TARGET_NAME)";
			};
			name = Debug;
		};
		0431209A19AE495600036D9F /* Release */ = {
			isa = XCBuildConfiguration;
			buildSettings = {
				ASSETCATALOG_COMPILER_APPICON_NAME = AppIcon;
				ASSETCATALOG_COMPILER_LAUNCHIMAGE_NAME = LaunchImage;
				INFOPLIST_FILE = KnightWhoSaidSwift/Info.plist;
				IPHONEOS_DEPLOYMENT_TARGET = 8.0;
				LD_RUNPATH_SEARCH_PATHS = "$(inherited) @executable_path/Frameworks";
				PRODUCT_NAME = "$(TARGET_NAME)";
			};
			name = Release;
		};
		0431209C19AE495600036D9F /* Debug */ = {
			isa = XCBuildConfiguration;
			buildSettings = {
				BUNDLE_LOADER = "$(BUILT_PRODUCTS_DIR)/KnightWhoSaidSwift.app/KnightWhoSaidSwift";
				FRAMEWORK_SEARCH_PATHS = (
					"$(SDKROOT)/Developer/Library/Frameworks",
					"$(inherited)",
				);
				GCC_PREPROCESSOR_DEFINITIONS = (
					"DEBUG=1",
					"$(inherited)",
				);
				INFOPLIST_FILE = KnightWhoSaidSwiftTests/Info.plist;
				LD_RUNPATH_SEARCH_PATHS = "$(inherited) @executable_path/Frameworks @loader_path/Frameworks";
				PRODUCT_NAME = "$(TARGET_NAME)";
				TEST_HOST = "$(BUNDLE_LOADER)";
			};
			name = Debug;
		};
		0431209D19AE495600036D9F /* Release */ = {
			isa = XCBuildConfiguration;
			buildSettings = {
				BUNDLE_LOADER = "$(BUILT_PRODUCTS_DIR)/KnightWhoSaidSwift.app/KnightWhoSaidSwift";
				FRAMEWORK_SEARCH_PATHS = (
					"$(SDKROOT)/Developer/Library/Frameworks",
					"$(inherited)",
				);
				INFOPLIST_FILE = KnightWhoSaidSwiftTests/Info.plist;
				LD_RUNPATH_SEARCH_PATHS = "$(inherited) @executable_path/Frameworks @loader_path/Frameworks";
				PRODUCT_NAME = "$(TARGET_NAME)";
				TEST_HOST = "$(BUNDLE_LOADER)";
			};
			name = Release;
		};
/* End XCBuildConfiguration section */

/* Begin XCConfigurationList section */
		0431207319AE495600036D9F /* Build configuration list for PBXProject "KnightWhoSaidSwift" */ = {
			isa = XCConfigurationList;
			buildConfigurations = (
				0431209619AE495600036D9F /* Debug */,
				0431209719AE495600036D9F /* Release */,
			);
			defaultConfigurationIsVisible = 0;
			defaultConfigurationName = Release;
		};
		0431209819AE495600036D9F /* Build configuration list for PBXNativeTarget "KnightWhoSaidSwift" */ = {
			isa = XCConfigurationList;
			buildConfigurations = (
				0431209919AE495600036D9F /* Debug */,
				0431209A19AE495600036D9F /* Release */,
			);
			defaultConfigurationIsVisible = 0;
			defaultConfigurationName = Release;
		};
		0431209B19AE495600036D9F /* Build configuration list for PBXNativeTarget "KnightWhoSaidSwiftTests" */ = {
			isa = XCConfigurationList;
			buildConfigurations = (
				0431209C19AE495600036D9F /* Debug */,
				0431209D19AE495600036D9F /* Release */,
			);
			defaultConfigurationIsVisible = 0;
			defaultConfigurationName = Release;
		};
/* End XCConfigurationList section */
	};
	rootObject = 0431207019AE495600036D9F /* Project object */;
}
